
Microsoft Visual Studio Solution File, Format Version 12.00
Project("{FAE04EC0-301F-11D3-BF4B-00C04F79EFBC}") = "TwoSum", "TwoSum\TwoSum.csproj", "{A8721ED1-9B94-4C0A-8C1D-1D2B44D5FE8A}"
EndProject
Project("{FAE04EC0-301F-11D3-BF4B-00C04F79EFBC}") = "addTwoNumbers", "addTwoNumbers\addTwoNumbers.csproj", "{4AD20E77-B9C3-4CEA-8F25-86ECFB2C7332}"
EndProject
Project("{FAE04EC0-301F-11D3-BF4B-00C04F79EFBC}") = "LengthOfLongestSubstring", "LengthOfLongestSubstring\LengthOfLongestSubstring.csproj", "{7F19CA35-4B42-4630-A69C-D8F401C90EEA}"
EndProject
Project("{FAE04EC0-301F-11D3-BF4B-00C04F79EFBC}") = "FindMedianSortedArrays", "FindMedianSortedArrays\FindMedianSortedArrays.csproj", "{57752E0F-0F11-457F-A2F6-8570BA1E7CA4}"
EndProject
Project("{FAE04EC0-301F-11D3-BF4B-00C04F79EFBC}") = "LongestPalindrome", "LongestPalindrome\LongestPalindrome.csproj", "{6B2ADC71-B65A-4B74-885E-58D21879F992}"
EndProject
Global
	GlobalSection(SolutionConfigurationPlatforms) = preSolution
		Debug|Any CPU = Debug|Any CPU
		Release|Any CPU = Release|Any CPU
	EndGlobalSection
	GlobalSection(ProjectConfigurationPlatforms) = postSolution
		{A8721ED1-9B94-4C0A-8C1D-1D2B44D5FE8A}.Debug|Any CPU.ActiveCfg = Debug|Any CPU
		{A8721ED1-9B94-4C0A-8C1D-1D2B44D5FE8A}.Debug|Any CPU.Build.0 = Debug|Any CPU
		{A8721ED1-9B94-4C0A-8C1D-1D2B44D5FE8A}.Release|Any CPU.ActiveCfg = Release|Any CPU
		{A8721ED1-9B94-4C0A-8C1D-1D2B44D5FE8A}.Release|Any CPU.Build.0 = Release|Any CPU
		{4AD20E77-B9C3-4CEA-8F25-86ECFB2C7332}.Debug|Any CPU.ActiveCfg = Debug|Any CPU
		{4AD20E77-B9C3-4CEA-8F25-86ECFB2C7332}.Debug|Any CPU.Build.0 = Debug|Any CPU
		{4AD20E77-B9C3-4CEA-8F25-86ECFB2C7332}.Release|Any CPU.ActiveCfg = Release|Any CPU
		{4AD20E77-B9C3-4CEA-8F25-86ECFB2C7332}.Release|Any CPU.Build.0 = Release|Any CPU
		{7F19CA35-4B42-4630-A69C-D8F401C90EEA}.Debug|Any CPU.ActiveCfg = Debug|Any CPU
		{7F19CA35-4B42-4630-A69C-D8F401C90EEA}.Debug|Any CPU.Build.0 = Debug|Any CPU
		{7F19CA35-4B42-4630-A69C-D8F401C90EEA}.Release|Any CPU.ActiveCfg = Release|Any CPU
		{7F19CA35-4B42-4630-A69C-D8F401C90EEA}.Release|Any CPU.Build.0 = Release|Any CPU
		{57752E0F-0F11-457F-A2F6-8570BA1E7CA4}.Debug|Any CPU.ActiveCfg = Debug|Any CPU
		{57752E0F-0F11-457F-A2F6-8570BA1E7CA4}.Debug|Any CPU.Build.0 = Debug|Any CPU
		{57752E0F-0F11-457F-A2F6-8570BA1E7CA4}.Release|Any CPU.ActiveCfg = Release|Any CPU
		{57752E0F-0F11-457F-A2F6-8570BA1E7CA4}.Release|Any CPU.Build.0 = Release|Any CPU
		{6B2ADC71-B65A-4B74-885E-58D21879F992}.Debug|Any CPU.ActiveCfg = Debug|Any CPU
		{6B2ADC71-B65A-4B74-885E-58D21879F992}.Debug|Any CPU.Build.0 = Debug|Any CPU
		{6B2ADC71-B65A-4B74-885E-58D21879F992}.Release|Any CPU.ActiveCfg = Release|Any CPU
		{6B2ADC71-B65A-4B74-885E-58D21879F992}.Release|Any CPU.Build.0 = Release|Any CPU
	EndGlobalSection
EndGlobal
